#MicroXplorer Configuration settings - do not modify
CAD.formats=[]
CAD.pinconfig=Dual
CAD.provider=Component Search Engine
CORTEX_M7.AccessPermission_Spec=MPU_REGION_FULL_ACCESS
CORTEX_M7.BaseAddress_Spec=0x24000000
CORTEX_M7.CPU_DCache=Enabled
CORTEX_M7.CPU_ICache=Enabled
CORTEX_M7.IPParameters=default_mode_Activation,CPU_ICache,CPU_DCache,MPU_Control,BaseAddress_Spec,Size_Spec,AccessPermission_Spec,TypeExtField_Spec,SubRegionDisable_Spec
CORTEX_M7.MPU_Control=MPU_PRIVILEGED_DEFAULT
CORTEX_M7.Size_Spec=MPU_REGION_SIZE_512KB
CORTEX_M7.SubRegionDisable_Spec=0x87
CORTEX_M7.TypeExtField_Spec=MPU_TEX_LEVEL1
CORTEX_M7.default_mode_Activation=1
Dma.FMAC_RD.1.Direction=DMA_PERIPH_TO_MEMORY
Dma.FMAC_RD.1.EventEnable=DISABLE
Dma.FMAC_RD.1.FIFOMode=DMA_FIFOMODE_DISABLE
Dma.FMAC_RD.1.Instance=DMA1_Stream1
Dma.FMAC_RD.1.MemDataAlignment=DMA_MDATAALIGN_BYTE
Dma.FMAC_RD.1.MemInc=DMA_MINC_ENABLE
Dma.FMAC_RD.1.Mode=DMA_CIRCULAR
Dma.FMAC_RD.1.PeriphDataAlignment=DMA_PDATAALIGN_BYTE
Dma.FMAC_RD.1.PeriphInc=DMA_PINC_DISABLE
Dma.FMAC_RD.1.Polarity=HAL_DMAMUX_REQ_GEN_RISING
Dma.FMAC_RD.1.Priority=DMA_PRIORITY_LOW
Dma.FMAC_RD.1.RequestNumber=1
Dma.FMAC_RD.1.RequestParameters=Instance,Direction,PeriphInc,MemInc,PeriphDataAlignment,MemDataAlignment,Mode,Priority,FIFOMode,SignalID,Polarity,RequestNumber,SyncSignalID,SyncPolarity,SyncEnable,EventEnable,SyncRequestNumber
Dma.FMAC_RD.1.SignalID=NONE
Dma.FMAC_RD.1.SyncEnable=DISABLE
Dma.FMAC_RD.1.SyncPolarity=HAL_DMAMUX_SYNC_NO_EVENT
Dma.FMAC_RD.1.SyncRequestNumber=1
Dma.FMAC_RD.1.SyncSignalID=NONE
Dma.FMAC_WR.2.Direction=DMA_MEMORY_TO_PERIPH
Dma.FMAC_WR.2.EventEnable=DISABLE
Dma.FMAC_WR.2.FIFOMode=DMA_FIFOMODE_DISABLE
Dma.FMAC_WR.2.Instance=DMA1_Stream2
Dma.FMAC_WR.2.MemDataAlignment=DMA_MDATAALIGN_BYTE
Dma.FMAC_WR.2.MemInc=DMA_MINC_ENABLE
Dma.FMAC_WR.2.Mode=DMA_CIRCULAR
Dma.FMAC_WR.2.PeriphDataAlignment=DMA_PDATAALIGN_BYTE
Dma.FMAC_WR.2.PeriphInc=DMA_PINC_DISABLE
Dma.FMAC_WR.2.Polarity=HAL_DMAMUX_REQ_GEN_RISING
Dma.FMAC_WR.2.Priority=DMA_PRIORITY_LOW
Dma.FMAC_WR.2.RequestNumber=1
Dma.FMAC_WR.2.RequestParameters=Instance,Direction,PeriphInc,MemInc,PeriphDataAlignment,MemDataAlignment,Mode,Priority,FIFOMode,SignalID,Polarity,RequestNumber,SyncSignalID,SyncPolarity,SyncEnable,EventEnable,SyncRequestNumber
Dma.FMAC_WR.2.SignalID=NONE
Dma.FMAC_WR.2.SyncEnable=DISABLE
Dma.FMAC_WR.2.SyncPolarity=HAL_DMAMUX_SYNC_NO_EVENT
Dma.FMAC_WR.2.SyncRequestNumber=1
Dma.FMAC_WR.2.SyncSignalID=NONE
Dma.PSSI.0.Direction=DMA_PERIPH_TO_MEMORY
Dma.PSSI.0.EventEnable=DISABLE
Dma.PSSI.0.FIFOMode=DMA_FIFOMODE_ENABLE
Dma.PSSI.0.FIFOThreshold=DMA_FIFO_THRESHOLD_HALFFULL
Dma.PSSI.0.Instance=DMA1_Stream0
Dma.PSSI.0.MemBurst=DMA_MBURST_SINGLE
Dma.PSSI.0.MemDataAlignment=DMA_MDATAALIGN_BYTE
Dma.PSSI.0.MemInc=DMA_MINC_ENABLE
Dma.PSSI.0.Mode=DMA_CIRCULAR
Dma.PSSI.0.PeriphBurst=DMA_PBURST_SINGLE
Dma.PSSI.0.PeriphDataAlignment=DMA_PDATAALIGN_WORD
Dma.PSSI.0.PeriphInc=DMA_PINC_DISABLE
Dma.PSSI.0.Polarity=HAL_DMAMUX_REQ_GEN_RISING
Dma.PSSI.0.Priority=DMA_PRIORITY_VERY_HIGH
Dma.PSSI.0.RequestNumber=1
Dma.PSSI.0.RequestParameters=Instance,Direction,PeriphInc,MemInc,PeriphDataAlignment,MemDataAlignment,Mode,Priority,FIFOMode,FIFOThreshold,MemBurst,PeriphBurst,SignalID,Polarity,RequestNumber,SyncSignalID,SyncPolarity,SyncEnable,EventEnable,SyncRequestNumber
Dma.PSSI.0.SignalID=NONE
Dma.PSSI.0.SyncEnable=DISABLE
Dma.PSSI.0.SyncPolarity=HAL_DMAMUX_SYNC_NO_EVENT
Dma.PSSI.0.SyncRequestNumber=1
Dma.PSSI.0.SyncSignalID=NONE
Dma.Request0=PSSI
Dma.Request1=FMAC_RD
Dma.Request2=FMAC_WR
Dma.RequestsNb=3
FREERTOS.IPParameters=Tasks01
FREERTOS.Tasks01=defaultTask,24,128,StartDefaultTask,Default,NULL,Dynamic,NULL,NULL
File.Version=6
GPIO.groupedBy=Group By Peripherals
KeepUserPlacement=false
MMTAppReg1.MEMORYMAP.AppRegionName=DTCMRAM
MMTAppReg1.MEMORYMAP.ContextName=Cortex-M7NS
MMTAppReg1.MEMORYMAP.CoreName=Arm Cortex-M7
MMTAppReg1.MEMORYMAP.IPParameters=StartAddress,Size,CoreName,ContextName,Name
MMTAppReg1.MEMORYMAP.Name=DTCMRAM
MMTAppReg1.MEMORYMAP.Size=131072
MMTAppReg1.MEMORYMAP.StartAddress=0x20000000
MMTAppReg2.MEMORYMAP.AppRegionName=RAM
MMTAppReg2.MEMORYMAP.ContextName=Cortex-M7NS
MMTAppReg2.MEMORYMAP.CoreName=Arm Cortex-M7
MMTAppReg2.MEMORYMAP.DefaultDataRegion=true
MMTAppReg2.MEMORYMAP.IPParameters=StartAddress,Size,CoreName,ContextName,Name,DefaultDataRegion
MMTAppReg2.MEMORYMAP.Name=RAM
MMTAppReg2.MEMORYMAP.Size=327680
MMTAppReg2.MEMORYMAP.StartAddress=0x24000000
MMTAppReg3.MEMORYMAP.AppRegionName=RAM_D2
MMTAppReg3.MEMORYMAP.ContextName=Cortex-M7NS
MMTAppReg3.MEMORYMAP.CoreName=Arm Cortex-M7
MMTAppReg3.MEMORYMAP.IPParameters=StartAddress,Size,CoreName,ContextName,Name
MMTAppReg3.MEMORYMAP.Name=RAM_D2
MMTAppReg3.MEMORYMAP.Size=32768
MMTAppReg3.MEMORYMAP.StartAddress=0x30000000
MMTAppReg4.MEMORYMAP.AppRegionName=RAM_D3
MMTAppReg4.MEMORYMAP.ContextName=Cortex-M7NS
MMTAppReg4.MEMORYMAP.CoreName=Arm Cortex-M7
MMTAppReg4.MEMORYMAP.IPParameters=StartAddress,Size,CoreName,ContextName,Name
MMTAppReg4.MEMORYMAP.Name=RAM_D3
MMTAppReg4.MEMORYMAP.Size=16384
MMTAppReg4.MEMORYMAP.StartAddress=0x38000000
MMTAppReg5.MEMORYMAP.AppRegionName=ITCMRAM
MMTAppReg5.MEMORYMAP.Cacheability=WTRA
MMTAppReg5.MEMORYMAP.ContextName=Cortex-M7NS
MMTAppReg5.MEMORYMAP.CoreName=Arm Cortex-M7
MMTAppReg5.MEMORYMAP.IPParameters=StartAddress,Size,CoreName,ContextName,Name,Cacheability
MMTAppReg5.MEMORYMAP.Name=ITCMRAM
MMTAppReg5.MEMORYMAP.Size=65536
MMTAppReg5.MEMORYMAP.StartAddress=0x00000000
MMTAppReg6.MEMORYMAP.AP=RO_priv_only
MMTAppReg6.MEMORYMAP.AppRegionName=FLASH
MMTAppReg6.MEMORYMAP.Cacheability=WTRA
MMTAppReg6.MEMORYMAP.ContextName=Cortex-M7NS
MMTAppReg6.MEMORYMAP.CoreName=Arm Cortex-M7
MMTAppReg6.MEMORYMAP.DefaultCodeRegion=true
MMTAppReg6.MEMORYMAP.IPParameters=StartAddress,Size,CoreName,MemType,ContextName,Name,AP,Cacheability,DefaultCodeRegion,ISRRegion,RootBootRegion
MMTAppReg6.MEMORYMAP.ISRRegion=true
MMTAppReg6.MEMORYMAP.MemType=ROM
MMTAppReg6.MEMORYMAP.Name=FLASH
MMTAppReg6.MEMORYMAP.RootBootRegion=true
MMTAppReg6.MEMORYMAP.Size=1048576
MMTAppReg6.MEMORYMAP.StartAddress=0x08000000
MMTAppRegionsCount=6
MMTConfigApplied=false
MMTSectionSuffix=_Section
Mcu.CPN=STM32H723VGT6
Mcu.Family=STM32H7
Mcu.IP0=CORDIC
Mcu.IP1=CORTEX_M7
Mcu.IP10=SPI4
Mcu.IP11=SYS
Mcu.IP12=TIM12
Mcu.IP13=USB_DEVICE
Mcu.IP14=USB_OTG_HS
Mcu.IP2=DEBUG
Mcu.IP3=DMA
Mcu.IP4=FMAC
Mcu.IP5=FREERTOS
Mcu.IP6=MEMORYMAP
Mcu.IP7=NVIC
Mcu.IP8=PSSI
Mcu.IP9=RCC
Mcu.IPNb=15
Mcu.Name=STM32H723VGTx
Mcu.Package=LQFP100
Mcu.Pin0=PE3
Mcu.Pin1=PE4
Mcu.Pin10=PA5
Mcu.Pin11=PA6
Mcu.Pin12=PB0
Mcu.Pin13=PB1
Mcu.Pin14=PE9
Mcu.Pin15=PE10
Mcu.Pin16=PE11
Mcu.Pin17=PE12
Mcu.Pin18=PE13
Mcu.Pin19=PE14
Mcu.Pin2=PE5
Mcu.Pin20=PB10
Mcu.Pin21=PB11
Mcu.Pin22=PB12
Mcu.Pin23=PB13
Mcu.Pin24=PB14
Mcu.Pin25=PD13
Mcu.Pin26=PD15
Mcu.Pin27=PC6
Mcu.Pin28=PC7
Mcu.Pin29=PC8
Mcu.Pin3=PE6
Mcu.Pin30=PC9
Mcu.Pin31=PA13(JTMS/SWDIO)
Mcu.Pin32=PA14(JTCK/SWCLK)
Mcu.Pin33=PC10
Mcu.Pin34=PD3
Mcu.Pin35=PB5
Mcu.Pin36=PB7
Mcu.Pin37=VP_CORDIC_VS_CORDIC
Mcu.Pin38=VP_FMAC_VS_FMAC
Mcu.Pin39=VP_FREERTOS_VS_CMSIS_V2
Mcu.Pin4=PH0-OSC_IN
Mcu.Pin40=VP_SYS_VS_tim4
Mcu.Pin41=VP_TIM12_VS_ClockSourceINT
Mcu.Pin42=VP_TIM12_VS_OPM
Mcu.Pin43=VP_USB_DEVICE_VS_USB_DEVICE_CDC_HS
Mcu.Pin44=VP_MEMORYMAP_VS_MEMORYMAP
Mcu.Pin45=VP_STMicroelectronics.FP-SNS-STAIOTCFT_VS_CMSISJjMathOoLib_1.0.0_1.0.0
Mcu.Pin5=PC0
Mcu.Pin6=PC2_C
Mcu.Pin7=PC3_C
Mcu.Pin8=PA3
Mcu.Pin9=PA4
Mcu.PinsNb=46
Mcu.ThirdParty0=STMicroelectronics.FP-SNS-STAIOTCFT.1.0.0
Mcu.ThirdPartyNb=1
Mcu.UserConstants=
Mcu.UserName=STM32H723VGTx
MxCube.Version=6.16.0
MxDb.Version=DB.6.0.160
NVIC.BusFault_IRQn=true\:0\:0\:false\:false\:true\:false\:false\:false\:false
NVIC.DCMI_PSSI_IRQn=true\:5\:0\:false\:false\:true\:true\:true\:true\:true
NVIC.DMA1_Stream0_IRQn=true\:5\:0\:false\:false\:true\:true\:false\:true\:true
NVIC.DMA1_Stream1_IRQn=true\:5\:0\:false\:false\:true\:true\:false\:true\:true
NVIC.DMA1_Stream2_IRQn=true\:5\:0\:false\:false\:true\:true\:false\:true\:true
NVIC.DebugMonitor_IRQn=true\:0\:0\:false\:false\:true\:false\:false\:false\:false
NVIC.EXTI3_IRQn=true\:5\:0\:false\:false\:true\:true\:true\:true\:true
NVIC.FMAC_IRQn=true\:5\:0\:false\:false\:true\:true\:true\:true\:true
NVIC.ForceEnableDMAVector=true
NVIC.HardFault_IRQn=true\:0\:0\:false\:false\:true\:false\:false\:false\:false
NVIC.MemoryManagement_IRQn=true\:0\:0\:false\:false\:true\:false\:false\:false\:false
NVIC.NonMaskableInt_IRQn=true\:0\:0\:false\:false\:true\:false\:false\:false\:false
NVIC.OTG_HS_IRQn=true\:5\:0\:false\:false\:true\:true\:false\:true\:true
NVIC.PendSV_IRQn=true\:15\:0\:false\:false\:false\:true\:false\:false\:false
NVIC.PriorityGroup=NVIC_PRIORITYGROUP_4
NVIC.SPI4_IRQn=true\:5\:0\:false\:false\:true\:true\:true\:true\:true
NVIC.SVCall_IRQn=true\:0\:0\:false\:false\:false\:false\:false\:false\:false
NVIC.SavedPendsvIrqHandlerGenerated=true
NVIC.SavedSvcallIrqHandlerGenerated=true
NVIC.SavedSystickIrqHandlerGenerated=true
NVIC.SysTick_IRQn=true\:15\:0\:false\:false\:false\:true\:false\:true\:false
NVIC.TIM4_IRQn=true\:15\:0\:false\:false\:true\:false\:false\:true\:true
NVIC.TIM8_BRK_TIM12_IRQn=true\:5\:0\:false\:false\:true\:true\:true\:true\:true
NVIC.TimeBase=TIM4_IRQn
NVIC.TimeBaseIP=TIM4
NVIC.UsageFault_IRQn=true\:0\:0\:false\:false\:true\:false\:false\:false\:false
PA13(JTMS/SWDIO).Mode=Serial_Wire
PA13(JTMS/SWDIO).Signal=DEBUG_JTMS-SWDIO
PA14(JTCK/SWCLK).Mode=Serial_Wire
PA14(JTCK/SWCLK).Signal=DEBUG_JTCK-SWCLK
PA3.Mode=Device_HS
PA3.Signal=USB_OTG_HS_ULPI_D0
PA4.Mode=PSSI_8
PA4.Signal=PSSI_DE
PA5.Mode=Device_HS
PA5.Signal=USB_OTG_HS_ULPI_CK
PA6.Mode=PSSI_8
PA6.Signal=PSSI_PDCK
PB0.Mode=Device_HS
PB0.Signal=USB_OTG_HS_ULPI_D1
PB1.Mode=Device_HS
PB1.Signal=USB_OTG_HS_ULPI_D2
PB10.Mode=Device_HS
PB10.Signal=USB_OTG_HS_ULPI_D3
PB11.Mode=Device_HS
PB11.Signal=USB_OTG_HS_ULPI_D4
PB12.Mode=Device_HS
PB12.Signal=USB_OTG_HS_ULPI_D5
PB13.Mode=Device_HS
PB13.Signal=USB_OTG_HS_ULPI_D6
PB14.Signal=S_TIM12_CH1
PB5.Mode=Device_HS
PB5.Signal=USB_OTG_HS_ULPI_D7
PB7.Mode=PSSI_8
PB7.Signal=PSSI_RDY
PC0.Mode=Device_HS
PC0.Signal=USB_OTG_HS_ULPI_STP
PC10.GPIOParameters=GPIO_Label
PC10.GPIO_Label=USB3300_RST
PC10.Locked=true
PC10.Signal=GPIO_Output
PC2_C.Mode=Device_HS
PC2_C.Signal=USB_OTG_HS_ULPI_DIR
PC3_C.Mode=Device_HS
PC3_C.Signal=USB_OTG_HS_ULPI_NXT
PC6.Mode=PSSI_8
PC6.Signal=PSSI_D0
PC7.Mode=PSSI_8
PC7.Signal=PSSI_D1
PC8.Mode=PSSI_8
PC8.Signal=PSSI_D2
PC9.Mode=PSSI_8
PC9.Signal=PSSI_D3
PD13.GPIOParameters=GPIO_Label
PD13.GPIO_Label=ADF4159_MUX
PD13.Locked=true
PD13.Signal=GPIO_Input
PD15.GPIOParameters=GPIO_Label
PD15.GPIO_Label=ADF4159_CE
PD15.Locked=true
PD15.Signal=GPIO_Output
PD3.Mode=PSSI_8
PD3.Signal=PSSI_D5
PE10.GPIOParameters=GPIO_Label
PE10.GPIO_Label=SPI4_CS_ADF
PE10.Locked=true
PE10.Signal=GPIO_Output
PE11.GPIOParameters=GPIO_Label
PE11.GPIO_Label=SPI4_CS_ADAR
PE11.Locked=true
PE11.Signal=GPIO_Output
PE12.Locked=true
PE12.Mode=Full_Duplex_Master
PE12.Signal=SPI4_SCK
PE13.Mode=Full_Duplex_Master
PE13.Signal=SPI4_MISO
PE14.Mode=Full_Duplex_Master
PE14.Signal=SPI4_MOSI
PE3.GPIOParameters=GPIO_PuPd,GPIO_Label,GPIO_ModeDefaultEXTI
PE3.GPIO_Label=ADAR_fault
PE3.GPIO_ModeDefaultEXTI=GPIO_MODE_IT_FALLING
PE3.GPIO_PuPd=GPIO_PULLUP
PE3.Locked=true
PE3.Signal=GPXTI3
PE4.Mode=PSSI_8
PE4.Signal=PSSI_D4
PE5.Mode=PSSI_8
PE5.Signal=PSSI_D6
PE6.Mode=PSSI_8
PE6.Signal=PSSI_D7
PE9.GPIOParameters=GPIO_Label
PE9.GPIO_Label=ADAR_RESET
PE9.Locked=true
PE9.Signal=GPIO_Output
PH0-OSC_IN.Mode=HSE-External-Clock-Source
PH0-OSC_IN.Signal=RCC_OSC_IN
PSSI.BusWidth=HAL_PSSI_8LINES
PSSI.ControlSignal=HAL_PSSI_DE_ENABLE
PSSI.IPParameters=BusWidth,ControlSignal
PinOutPanel.RotationAngle=0
ProjectManager.AskForMigrate=true
ProjectManager.BackupPrevious=false
ProjectManager.CompilerLinker=GCC
ProjectManager.CompilerOptimize=6
ProjectManager.ComputerToolchain=false
ProjectManager.CoupleFile=false
ProjectManager.CustomerFirmwarePackage=
ProjectManager.DefaultFWLocation=true
ProjectManager.DeletePrevious=true
ProjectManager.DeviceId=STM32H723VGTx
ProjectManager.FirmwarePackage=STM32Cube FW_H7 V1.12.1
ProjectManager.FreePins=false
ProjectManager.FreePinsContext=
ProjectManager.HalAssertFull=false
ProjectManager.HeapSize=0x200
ProjectManager.KeepUserCode=true
ProjectManager.LastFirmware=true
ProjectManager.LibraryCopy=0
ProjectManager.MainLocation=Core/Src
ProjectManager.NoMain=false
ProjectManager.PreviousToolchain=
ProjectManager.ProjectBuild=false
ProjectManager.ProjectFileName=software.ioc
ProjectManager.ProjectName=software
ProjectManager.ProjectStructure=
ProjectManager.RegisterCallBack=
ProjectManager.StackSize=0x400
ProjectManager.TargetToolchain=CMake
ProjectManager.ToolChainLocation=
ProjectManager.UAScriptAfterPath=
ProjectManager.UAScriptBeforePath=
ProjectManager.UnderRoot=false
ProjectManager.functionlistsort=1-SystemClock_Config-RCC-false-HAL-false,2-MX_GPIO_Init-GPIO-false-HAL-true,3-MX_DMA_Init-DMA-false-HAL-true,4-MX_SPI4_Init-SPI4-false-HAL-true,5-MX_USB_DEVICE_Init-USB_DEVICE-false-HAL-false,6-MX_PSSI_Init-PSSI-false-HAL-true,7-MX_TIM12_Init-TIM12-false-HAL-true,8-MX_CORDIC_Init-CORDIC-false-HAL-true,9-MX_FMAC_Init-FMAC-false-HAL-true,0-MX_CORTEX_M7_Init-CORTEX_M7-false-HAL-true
RCC.ADCFreq_Value=96750000
RCC.AHB12Freq_Value=275000000
RCC.AHB4Freq_Value=275000000
RCC.APB1Freq_Value=137500000
RCC.APB2Freq_Value=137500000
RCC.APB3Freq_Value=137500000
RCC.APB4Freq_Value=137500000
RCC.AXIClockFreq_Value=275000000
RCC.CECFreq_Value=32000
RCC.CKPERFreq_Value=48000000
RCC.CKPERSourceSelection=RCC_CLKPSOURCE_HSE
RCC.CortexFreq_Value=550000000
RCC.CpuClockFreq_Value=550000000
RCC.D1CPREFreq_Value=550000000
RCC.D1PPRE=RCC_APB3_DIV2
RCC.D2PPRE1=RCC_APB1_DIV2
RCC.D2PPRE2=RCC_APB2_DIV2
RCC.D3PPRE=RCC_APB4_DIV2
RCC.DFSDMACLkFreq_Value=48000000
RCC.DFSDMFreq_Value=137500000
RCC.DIVM1=3
RCC.DIVN1=34
RCC.DIVP1=1
RCC.DIVP1Freq_Value=550000000
RCC.DIVP2Freq_Value=96750000
RCC.DIVP3Freq_Value=96750000
RCC.DIVQ1=5
RCC.DIVQ1Freq_Value=110000000
RCC.DIVQ2Freq_Value=96750000
RCC.DIVQ3Freq_Value=96750000
RCC.DIVR1Freq_Value=275000000
RCC.DIVR2Freq_Value=96750000
RCC.DIVR3Freq_Value=96750000
RCC.FDCANFreq_Value=110000000
RCC.FMCFreq_Value=275000000
RCC.FamilyName=M
RCC.HCLK3ClockFreq_Value=275000000
RCC.HCLKFreq_Value=275000000
RCC.HPRE=RCC_HCLK_DIV2
RCC.HSE_VALUE=48000000
RCC.I2C123Freq_Value=137500000
RCC.I2C4Freq_Value=137500000
RCC.IPParameters=ADCFreq_Value,AHB12Freq_Value,AHB4Freq_Value,APB1Freq_Value,APB2Freq_Value,APB3Freq_Value,APB4Freq_Value,AXIClockFreq_Value,CECFreq_Value,CKPERFreq_Value,CKPERSourceSelection,CortexFreq_Value,CpuClockFreq_Value,D1CPREFreq_Value,D1PPRE,D2PPRE1,D2PPRE2,D3PPRE,DFSDMACLkFreq_Value,DFSDMFreq_Value,DIVM1,DIVN1,DIVP1,DIVP1Freq_Value,DIVP2Freq_Value,DIVP3Freq_Value,DIVQ1,DIVQ1Freq_Value,DIVQ2Freq_Value,DIVQ3Freq_Value,DIVR1Freq_Value,DIVR2Freq_Value,DIVR3Freq_Value,FDCANFreq_Value,FMCFreq_Value,FamilyName,HCLK3ClockFreq_Value,HCLKFreq_Value,HPRE,HSE_VALUE,I2C123Freq_Value,I2C4Freq_Value,LPTIM1Freq_Value,LPTIM2Freq_Value,LPTIM345Freq_Value,LPUART1Freq_Value,LTDCFreq_Value,MCO1PinFreq_Value,MCO2PinFreq_Value,PLL1_VCI_Range,PLL2FRACN,PLL3FRACN,PLLFRACN,QSPIFreq_Value,RNGFreq_Value,RTCFreq_Value,SAI1CLockSelection,SAI1Freq_Value,SAI4AFreq_Value,SAI4BFreq_Value,SDMMCFreq_Value,SPDIFRXFreq_Value,SPI123Freq_Value,SPI45Freq_Value,SPI6Freq_Value,SWPMI1Freq_Value,SYSCLKFreq_VALUE,SYSCLKSource,Tim1OutputFreq_Value,Tim2OutputFreq_Value,TraceFreq_Value,USART16Freq_Value,USART234578Freq_Value,USBFreq_Value,VCO1OutputFreq_Value,VCO2OutputFreq_Value,VCO3OutputFreq_Value,VCOInput1Freq_Value,VCOInput2Freq_Value,VCOInput3Freq_Value
RCC.LPTIM1Freq_Value=137500000
RCC.LPTIM2Freq_Value=137500000
RCC.LPTIM345Freq_Value=137500000
RCC.LPUART1Freq_Value=137500000
RCC.LTDCFreq_Value=96750000
RCC.MCO1PinFreq_Value=64000000
RCC.MCO2PinFreq_Value=550000000
RCC.PLL1_VCI_Range=RCC_PLL1VCIRANGE_3
RCC.PLL2FRACN=0
RCC.PLL3FRACN=0
RCC.PLLFRACN=3072
RCC.QSPIFreq_Value=275000000
RCC.RNGFreq_Value=48000000
RCC.RTCFreq_Value=32000
RCC.SAI1CLockSelection=RCC_SAI1CLKSOURCE_CLKP
RCC.SAI1Freq_Value=48000000
RCC.SAI4AFreq_Value=110000000
RCC.SAI4BFreq_Value=110000000
RCC.SDMMCFreq_Value=110000000
RCC.SPDIFRXFreq_Value=110000000
RCC.SPI123Freq_Value=110000000
RCC.SPI45Freq_Value=137500000
RCC.SPI6Freq_Value=137500000
RCC.SWPMI1Freq_Value=137500000
RCC.SYSCLKFreq_VALUE=550000000
RCC.SYSCLKSource=RCC_SYSCLKSOURCE_PLLCLK
RCC.Tim1OutputFreq_Value=275000000
RCC.Tim2OutputFreq_Value=275000000
RCC.TraceFreq_Value=275000000
RCC.USART16Freq_Value=137500000
RCC.USART234578Freq_Value=137500000
RCC.USBFreq_Value=110000000
RCC.VCO1OutputFreq_Value=550000000
RCC.VCO2OutputFreq_Value=193500000
RCC.VCO3OutputFreq_Value=193500000
RCC.VCOInput1Freq_Value=16000000
RCC.VCOInput2Freq_Value=1500000
RCC.VCOInput3Freq_Value=1500000
SH.GPXTI3.0=GPIO_EXTI3
SH.GPXTI3.ConfNb=1
SH.S_TIM12_CH1.0=TIM12_CH1,PWM Generation1 CH1
SH.S_TIM12_CH1.ConfNb=1
SPI4.BaudRatePrescaler=SPI_BAUDRATEPRESCALER_128
SPI4.CLKPhase=SPI_PHASE_2EDGE
SPI4.CLKPolarity=SPI_POLARITY_HIGH
SPI4.CalculateBaudRate=1.074218 MBits/s
SPI4.DataSize=SPI_DATASIZE_8BIT
SPI4.Direction=SPI_DIRECTION_2LINES
SPI4.IPParameters=VirtualType,Mode,Direction,CalculateBaudRate,BaudRatePrescaler,CLKPolarity,CLKPhase,DataSize
SPI4.Mode=SPI_MODE_MASTER
SPI4.VirtualType=VM_MASTER
STMicroelectronics.FP-SNS-STAIOTCFT.1.0.0.CMSISJjMathOoLib_Checked=true
STMicroelectronics.FP-SNS-STAIOTCFT.1.0.0.IPParameters=MathOoLibCcCMSISJjDSPJjLib,MathOoLibCcCMSISJjDSPJjInclude
STMicroelectronics.FP-SNS-STAIOTCFT.1.0.0.MathOoLibCcCMSISJjDSPJjInclude=true
STMicroelectronics.FP-SNS-STAIOTCFT.1.0.0.MathOoLibCcCMSISJjDSPJjLib=true
STMicroelectronics.FP-SNS-STAIOTCFT.1.0.0.USBIiDeviceIiLibraryJjClass_Checked=false
STMicroelectronics.FP-SNS-STAIOTCFT.1.0.0_SwParameter=MathOoLibCcCMSISJjDSPJjLib\:true;MathOoLibCcCMSISJjDSPJjInclude\:true;USBIiDeviceIiLibraryJjClassJjCDC\:true;USBIiDeviceIiLibraryJjCore\:true;ApplicationOoLibraryJjPnPL\:true;ApplicationOoLibraryJjPreOoProcessing\:true;
TIM12.Channel-PWM\ Generation1\ CH1=TIM_CHANNEL_1
TIM12.IPParameters=Channel-PWM Generation1 CH1,OCPolarity_1,TIM_MasterOutputTrigger,Prescaler,OCMode_PWM-PWM Generation1 CH1,Pulse-PWM Generation1 CH1,TIM_MasterSlaveMode,Period
TIM12.OCMode_PWM-PWM\ Generation1\ CH1=TIM_OCMODE_PWM2
TIM12.OCPolarity_1=TIM_OCPOLARITY_LOW
TIM12.Period=100
TIM12.Prescaler=274
TIM12.Pulse-PWM\ Generation1\ CH1=50
TIM12.TIM_MasterOutputTrigger=TIM_TRGO_RESET
TIM12.TIM_MasterSlaveMode=TIM_MASTERSLAVEMODE_DISABLE
USB_DEVICE.CLASS_NAME_HS=CDC
USB_DEVICE.IPParameters=VirtualMode,VirtualModeHS,CLASS_NAME_HS
USB_DEVICE.VirtualMode=Cdc
USB_DEVICE.VirtualModeHS=Cdc_HS
USB_OTG_HS.IPParameters=VirtualMode-Device_HS,dma_enable-Device_HS
USB_OTG_HS.VirtualMode-Device_HS=Device_HS
USB_OTG_HS.dma_enable-Device_HS=ENABLE
VP_CORDIC_VS_CORDIC.Mode=CORDIC_Activate
VP_CORDIC_VS_CORDIC.Signal=CORDIC_VS_CORDIC
VP_FMAC_VS_FMAC.Mode=FMAC_Activate
VP_FMAC_VS_FMAC.Signal=FMAC_VS_FMAC
VP_FREERTOS_VS_CMSIS_V2.Mode=CMSIS_V2
VP_FREERTOS_VS_CMSIS_V2.Signal=FREERTOS_VS_CMSIS_V2
VP_MEMORYMAP_VS_MEMORYMAP.Mode=CurAppReg
VP_MEMORYMAP_VS_MEMORYMAP.Signal=MEMORYMAP_VS_MEMORYMAP
VP_STMicroelectronics.FP-SNS-STAIOTCFT_VS_CMSISJjMathOoLib_1.0.0_1.0.0.Mode=CMSISJjMathOoLib
VP_STMicroelectronics.FP-SNS-STAIOTCFT_VS_CMSISJjMathOoLib_1.0.0_1.0.0.Signal=STMicroelectronics.FP-SNS-STAIOTCFT_VS_CMSISJjMathOoLib_1.0.0_1.0.0
VP_SYS_VS_tim4.Mode=TIM4
VP_SYS_VS_tim4.Signal=SYS_VS_tim4
VP_TIM12_VS_ClockSourceINT.Mode=Internal
VP_TIM12_VS_ClockSourceINT.Signal=TIM12_VS_ClockSourceINT
VP_TIM12_VS_OPM.Mode=OPM_bit
VP_TIM12_VS_OPM.Signal=TIM12_VS_OPM
VP_USB_DEVICE_VS_USB_DEVICE_CDC_HS.Mode=CDC_HS
VP_USB_DEVICE_VS_USB_DEVICE_CDC_HS.Signal=USB_DEVICE_VS_USB_DEVICE_CDC_HS
board=custom
rtos.0.ip=FREERTOS
